
Microsoft Visual Studio Solution File, Format Version 12.00
# Visual Studio Version 17
VisualStudioVersion = 17.10.35122.118
MinimumVisualStudioVersion = 10.0.40219.1
Project("{9A19103F-16F7-4668-BE54-9A1E7A4F7556}") = "DBLibrary", "DBLibrary.csproj", "{FA311AAB-30AA-4652-87C9-C909457C3A5F}"
EndProject
Project("{FAE04EC0-301F-11D3-BF4B-00C04F79EFBC}") = "Case Study RestAPI 1", "..\Case Study RestAPI 1\Case Study RestAPI 1.csproj", "{C4FD171F-21EA-4AA4-8BF5-3D7AEBF6759E}"
EndProject
Global
	GlobalSection(SolutionConfigurationPlatforms) = preSolution
		Debug|Any CPU = Debug|Any CPU
		Release|Any CPU = Release|Any CPU
	EndGlobalSection
	GlobalSection(ProjectConfigurationPlatforms) = postSolution
		{FA311AAB-30AA-4652-87C9-C909457C3A5F}.Debug|Any CPU.ActiveCfg = Debug|Any CPU
		{FA311AAB-30AA-4652-87C9-C909457C3A5F}.Debug|Any CPU.Build.0 = Debug|Any CPU
		{FA311AAB-30AA-4652-87C9-C909457C3A5F}.Release|Any CPU.ActiveCfg = Release|Any CPU
		{FA311AAB-30AA-4652-87C9-C909457C3A5F}.Release|Any CPU.Build.0 = Release|Any CPU
		{C4FD171F-21EA-4AA4-8BF5-3D7AEBF6759E}.Debug|Any CPU.ActiveCfg = Debug|Any CPU
		{C4FD171F-21EA-4AA4-8BF5-3D7AEBF6759E}.Debug|Any CPU.Build.0 = Debug|Any CPU
		{C4FD171F-21EA-4AA4-8BF5-3D7AEBF6759E}.Release|Any CPU.ActiveCfg = Release|Any CPU
		{C4FD171F-21EA-4AA4-8BF5-3D7AEBF6759E}.Release|Any CPU.Build.0 = Release|Any CPU
	EndGlobalSection
	GlobalSection(SolutionProperties) = preSolution
		HideSolutionNode = FALSE
	EndGlobalSection
	GlobalSection(ExtensibilityGlobals) = postSolution
		SolutionGuid = {5F4D00BD-5FF9-4936-9DAA-4A1D3C14E8C6}
	EndGlobalSection
EndGlobal
